// !$*UTF8*$!
{
	archiveVersion = 1;
	classes = {
	};
	objectVersion = 56;
	objects = {

/* Begin PBXBuildFile section */
		E90C3E8A2C5A6DCA002DACB9 /* AppDelegate.swift in Sources */ = {isa = PBXBuildFile; fileRef = E90C3E892C5A6DCA002DACB9 /* AppDelegate.swift */; };
		E90C3E8C2C5A6DCA002DACB9 /* SceneDelegate.swift in Sources */ = {isa = PBXBuildFile; fileRef = E90C3E8B2C5A6DCA002DACB9 /* SceneDelegate.swift */; };
		E90C3E8E2C5A6DCA002DACB9 /* MainViewController.swift in Sources */ = {isa = PBXBuildFile; fileRef = E90C3E8D2C5A6DCA002DACB9 /* MainViewController.swift */; };
		E90C3E912C5A6DCA002DACB9 /* Main.storyboard in Resources */ = {isa = PBXBuildFile; fileRef = E90C3E8F2C5A6DCA002DACB9 /* Main.storyboard */; };
		E90C3E962C5A6DCC002DACB9 /* LaunchScreen.storyboard in Resources */ = {isa = PBXBuildFile; fileRef = E90C3E942C5A6DCC002DACB9 /* LaunchScreen.storyboard */; };
		E90C3E9F2C5A6DF0002DACB9 /* SnapKit in Frameworks */ = {isa = PBXBuildFile; productRef = E90C3E9E2C5A6DF0002DACB9 /* SnapKit */; };
		E90C3EA22C5A6E26002DACB9 /* RxCocoa in Frameworks */ = {isa = PBXBuildFile; productRef = E90C3EA12C5A6E26002DACB9 /* RxCocoa */; };
		E90C3EA42C5A6E26002DACB9 /* RxRelay in Frameworks */ = {isa = PBXBuildFile; productRef = E90C3EA32C5A6E26002DACB9 /* RxRelay */; };
		E90C3EA62C5A6E26002DACB9 /* RxSwift in Frameworks */ = {isa = PBXBuildFile; productRef = E90C3EA52C5A6E26002DACB9 /* RxSwift */; };
		E90C3EA82C5A6EBF002DACB9 /* CircularSlider.swift in Sources */ = {isa = PBXBuildFile; fileRef = E90C3EA72C5A6EBE002DACB9 /* CircularSlider.swift */; };
		E90C3EB02C5A6F26002DACB9 /* FSCalendar in Frameworks */ = {isa = PBXBuildFile; productRef = E90C3EAF2C5A6F26002DACB9 /* FSCalendar */; };
		E90C3EC12C5A718E002DACB9 /* TabbarViewController.swift in Sources */ = {isa = PBXBuildFile; fileRef = E90C3EC02C5A718E002DACB9 /* TabbarViewController.swift */; };
		E90C3EC32C5A71BB002DACB9 /* Extension.swift in Sources */ = {isa = PBXBuildFile; fileRef = E90C3EC22C5A71BB002DACB9 /* Extension.swift */; };
		E90C3EC52C5A729F002DACB9 /* CalendarViewController.swift in Sources */ = {isa = PBXBuildFile; fileRef = E90C3EC42C5A729F002DACB9 /* CalendarViewController.swift */; };
		E90C3EC72C5A72B5002DACB9 /* CalendarCollectionViewCell.swift in Sources */ = {isa = PBXBuildFile; fileRef = E90C3EC62C5A72B5002DACB9 /* CalendarCollectionViewCell.swift */; };
		E90C3EC92C5A72D9002DACB9 /* DesignSystem.swift in Sources */ = {isa = PBXBuildFile; fileRef = E90C3EC82C5A72D9002DACB9 /* DesignSystem.swift */; };
		E90C3ECB2C5A7304002DACB9 /* SettingViewController.swift in Sources */ = {isa = PBXBuildFile; fileRef = E90C3ECA2C5A7304002DACB9 /* SettingViewController.swift */; };
		E90C3ECD2C5A73D6002DACB9 /* DataModel.swift in Sources */ = {isa = PBXBuildFile; fileRef = E90C3ECC2C5A73D6002DACB9 /* DataModel.swift */; };
		E90C3ECF2C5A74CC002DACB9 /* LoadData.swift in Sources */ = {isa = PBXBuildFile; fileRef = E90C3ECE2C5A74CC002DACB9 /* LoadData.swift */; };
		E90C3EE22C5A8C66002DACB9 /* TimeConvertion.swift in Sources */ = {isa = PBXBuildFile; fileRef = E90C3EE12C5A8C66002DACB9 /* TimeConvertion.swift */; };
		E9369D232C5E633C00D05501 /* SoundModule.swift in Sources */ = {isa = PBXBuildFile; fileRef = E9369D222C5E633C00D05501 /* SoundModule.swift */; };
		E9369D292C5EA09200D05501 /* InfoPlist.strings in Resources */ = {isa = PBXBuildFile; fileRef = E9369D2B2C5EA09200D05501 /* InfoPlist.strings */; };
		E9369D402C5EB51E00D05501 /* Localizable.strings in Resources */ = {isa = PBXBuildFile; fileRef = E9369D422C5EB51E00D05501 /* Localizable.strings */; };
		E9369D4A2C5EB77500D05501 /* Assets.xcassets in Resources */ = {isa = PBXBuildFile; fileRef = E9369D492C5EB77500D05501 /* Assets.xcassets */; };
		E9E44F4F2C5BCDE4005C4AFC /* RealmAPI.swift in Sources */ = {isa = PBXBuildFile; fileRef = E9E44F4E2C5BCDE4005C4AFC /* RealmAPI.swift */; };
		E9E81A772C5BD538005A82E6 /* Realm in Frameworks */ = {isa = PBXBuildFile; productRef = E9E81A762C5BD538005A82E6 /* Realm */; };
		E9E81A792C5BD538005A82E6 /* RealmSwift in Frameworks */ = {isa = PBXBuildFile; productRef = E9E81A782C5BD538005A82E6 /* RealmSwift */; };
		E9E81A7B2C5BD662005A82E6 /* RealmDataModel.swift in Sources */ = {isa = PBXBuildFile; fileRef = E9E81A7A2C5BD662005A82E6 /* RealmDataModel.swift */; };
/* End PBXBuildFile section */

/* Begin PBXFileReference section */
		E90C3E862C5A6DCA002DACB9 /* FocusTimer.app */ = {isa = PBXFileReference; explicitFileType = wrapper.application; includeInIndex = 0; path = FocusTimer.app; sourceTree = BUILT_PRODUCTS_DIR; };
		E90C3E892C5A6DCA002DACB9 /* AppDelegate.swift */ = {isa = PBXFileReference; lastKnownFileType = sourcecode.swift; path = AppDelegate.swift; sourceTree = "<group>"; };
		E90C3E8B2C5A6DCA002DACB9 /* SceneDelegate.swift */ = {isa = PBXFileReference; lastKnownFileType = sourcecode.swift; path = SceneDelegate.swift; sourceTree = "<group>"; };
		E90C3E8D2C5A6DCA002DACB9 /* MainViewController.swift */ = {isa = PBXFileReference; lastKnownFileType = sourcecode.swift; path = MainViewController.swift; sourceTree = "<group>"; };
		E90C3E902C5A6DCA002DACB9 /* Base */ = {isa = PBXFileReference; lastKnownFileType = file.storyboard; name = Base; path = Base.lproj/Main.storyboard; sourceTree = "<group>"; };
		E90C3E952C5A6DCC002DACB9 /* Base */ = {isa = PBXFileReference; lastKnownFileType = file.storyboard; name = Base; path = Base.lproj/LaunchScreen.storyboard; sourceTree = "<group>"; };
		E90C3E972C5A6DCC002DACB9 /* Info.plist */ = {isa = PBXFileReference; lastKnownFileType = text.plist.xml; path = Info.plist; sourceTree = "<group>"; };
		E90C3EA72C5A6EBE002DACB9 /* CircularSlider.swift */ = {isa = PBXFileReference; lastKnownFileType = sourcecode.swift; path = CircularSlider.swift; sourceTree = "<group>"; };
		E90C3EC02C5A718E002DACB9 /* TabbarViewController.swift */ = {isa = PBXFileReference; lastKnownFileType = sourcecode.swift; path = TabbarViewController.swift; sourceTree = "<group>"; };
		E90C3EC22C5A71BB002DACB9 /* Extension.swift */ = {isa = PBXFileReference; lastKnownFileType = sourcecode.swift; path = Extension.swift; sourceTree = "<group>"; };
		E90C3EC42C5A729F002DACB9 /* CalendarViewController.swift */ = {isa = PBXFileReference; lastKnownFileType = sourcecode.swift; path = CalendarViewController.swift; sourceTree = "<group>"; };
		E90C3EC62C5A72B5002DACB9 /* CalendarCollectionViewCell.swift */ = {isa = PBXFileReference; lastKnownFileType = sourcecode.swift; path = CalendarCollectionViewCell.swift; sourceTree = "<group>"; };
		E90C3EC82C5A72D9002DACB9 /* DesignSystem.swift */ = {isa = PBXFileReference; lastKnownFileType = sourcecode.swift; path = DesignSystem.swift; sourceTree = "<group>"; };
		E90C3ECA2C5A7304002DACB9 /* SettingViewController.swift */ = {isa = PBXFileReference; lastKnownFileType = sourcecode.swift; path = SettingViewController.swift; sourceTree = "<group>"; };
		E90C3ECC2C5A73D6002DACB9 /* DataModel.swift */ = {isa = PBXFileReference; lastKnownFileType = sourcecode.swift; path = DataModel.swift; sourceTree = "<group>"; };
		E90C3ECE2C5A74CC002DACB9 /* LoadData.swift */ = {isa = PBXFileReference; lastKnownFileType = sourcecode.swift; path = LoadData.swift; sourceTree = "<group>"; };
		E90C3EE12C5A8C66002DACB9 /* TimeConvertion.swift */ = {isa = PBXFileReference; lastKnownFileType = sourcecode.swift; path = TimeConvertion.swift; sourceTree = "<group>"; };
		E9369D222C5E633C00D05501 /* SoundModule.swift */ = {isa = PBXFileReference; lastKnownFileType = sourcecode.swift; path = SoundModule.swift; sourceTree = "<group>"; };
		E9369D2A2C5EA09200D05501 /* en */ = {isa = PBXFileReference; lastKnownFileType = text.plist.strings; name = en; path = en.lproj/InfoPlist.strings; sourceTree = "<group>"; };
		E9369D2C2C5EA57100D05501 /* ko */ = {isa = PBXFileReference; lastKnownFileType = text.plist.strings; name = ko; path = ko.lproj/Main.strings; sourceTree = "<group>"; };
		E9369D2D2C5EA57100D05501 /* ko */ = {isa = PBXFileReference; lastKnownFileType = text.plist.strings; name = ko; path = ko.lproj/LaunchScreen.strings; sourceTree = "<group>"; };
		E9369D2E2C5EA57100D05501 /* ko */ = {isa = PBXFileReference; lastKnownFileType = text.plist.strings; name = ko; path = ko.lproj/InfoPlist.strings; sourceTree = "<group>"; };
		E9369D2F2C5EA57A00D05501 /* ja */ = {isa = PBXFileReference; lastKnownFileType = text.plist.strings; name = ja; path = ja.lproj/Main.strings; sourceTree = "<group>"; };
		E9369D302C5EA57A00D05501 /* ja */ = {isa = PBXFileReference; lastKnownFileType = text.plist.strings; name = ja; path = ja.lproj/LaunchScreen.strings; sourceTree = "<group>"; };
		E9369D312C5EA57A00D05501 /* ja */ = {isa = PBXFileReference; lastKnownFileType = text.plist.strings; name = ja; path = ja.lproj/InfoPlist.strings; sourceTree = "<group>"; };
		E9369D322C5EA5BB00D05501 /* zh-Hans */ = {isa = PBXFileReference; lastKnownFileType = text.plist.strings; name = "zh-Hans"; path = "zh-Hans.lproj/Main.strings"; sourceTree = "<group>"; };
		E9369D332C5EA5BB00D05501 /* zh-Hans */ = {isa = PBXFileReference; lastKnownFileType = text.plist.strings; name = "zh-Hans"; path = "zh-Hans.lproj/LaunchScreen.strings"; sourceTree = "<group>"; };
		E9369D342C5EA5BB00D05501 /* zh-Hans */ = {isa = PBXFileReference; lastKnownFileType = text.plist.strings; name = "zh-Hans"; path = "zh-Hans.lproj/InfoPlist.strings"; sourceTree = "<group>"; };
		E9369D352C5EA5BF00D05501 /* zh-Hant */ = {isa = PBXFileReference; lastKnownFileType = text.plist.strings; name = "zh-Hant"; path = "zh-Hant.lproj/Main.strings"; sourceTree = "<group>"; };
		E9369D362C5EA5BF00D05501 /* zh-Hant */ = {isa = PBXFileReference; lastKnownFileType = text.plist.strings; name = "zh-Hant"; path = "zh-Hant.lproj/LaunchScreen.strings"; sourceTree = "<group>"; };
		E9369D372C5EA5BF00D05501 /* zh-Hant */ = {isa = PBXFileReference; lastKnownFileType = text.plist.strings; name = "zh-Hant"; path = "zh-Hant.lproj/InfoPlist.strings"; sourceTree = "<group>"; };
		E9369D382C5EA5F300D05501 /* ru */ = {isa = PBXFileReference; lastKnownFileType = text.plist.strings; name = ru; path = ru.lproj/Main.strings; sourceTree = "<group>"; };
		E9369D392C5EA5F300D05501 /* ru */ = {isa = PBXFileReference; lastKnownFileType = text.plist.strings; name = ru; path = ru.lproj/LaunchScreen.strings; sourceTree = "<group>"; };
		E9369D3A2C5EA5F400D05501 /* ru */ = {isa = PBXFileReference; lastKnownFileType = text.plist.strings; name = ru; path = ru.lproj/InfoPlist.strings; sourceTree = "<group>"; };
		E9369D3B2C5EA5FD00D05501 /* vi */ = {isa = PBXFileReference; lastKnownFileType = text.plist.strings; name = vi; path = vi.lproj/Main.strings; sourceTree = "<group>"; };
		E9369D3C2C5EA5FD00D05501 /* vi */ = {isa = PBXFileReference; lastKnownFileType = text.plist.strings; name = vi; path = vi.lproj/LaunchScreen.strings; sourceTree = "<group>"; };
		E9369D3D2C5EA5FD00D05501 /* vi */ = {isa = PBXFileReference; lastKnownFileType = text.plist.strings; name = vi; path = vi.lproj/InfoPlist.strings; sourceTree = "<group>"; };
		E9369D412C5EB51E00D05501 /* en */ = {isa = PBXFileReference; lastKnownFileType = text.plist.strings; name = en; path = en.lproj/Localizable.strings; sourceTree = "<group>"; };
		E9369D432C5EB52000D05501 /* zh-Hans */ = {isa = PBXFileReference; lastKnownFileType = text.plist.strings; name = "zh-Hans"; path = "zh-Hans.lproj/Localizable.strings"; sourceTree = "<group>"; };
		E9369D442C5EB52300D05501 /* zh-Hant */ = {isa = PBXFileReference; lastKnownFileType = text.plist.strings; name = "zh-Hant"; path = "zh-Hant.lproj/Localizable.strings"; sourceTree = "<group>"; };
		E9369D452C5EB52400D05501 /* ja */ = {isa = PBXFileReference; lastKnownFileType = text.plist.strings; name = ja; path = ja.lproj/Localizable.strings; sourceTree = "<group>"; };
		E9369D462C5EB52400D05501 /* vi */ = {isa = PBXFileReference; lastKnownFileType = text.plist.strings; name = vi; path = vi.lproj/Localizable.strings; sourceTree = "<group>"; };
		E9369D472C5EB52500D05501 /* ru */ = {isa = PBXFileReference; lastKnownFileType = text.plist.strings; name = ru; path = ru.lproj/Localizable.strings; sourceTree = "<group>"; };
		E9369D482C5EB52500D05501 /* ko */ = {isa = PBXFileReference; lastKnownFileType = text.plist.strings; name = ko; path = ko.lproj/Localizable.strings; sourceTree = "<group>"; };
		E9369D492C5EB77500D05501 /* Assets.xcassets */ = {isa = PBXFileReference; lastKnownFileType = folder.assetcatalog; path = Assets.xcassets; sourceTree = "<group>"; };
		E9E44F4E2C5BCDE4005C4AFC /* RealmAPI.swift */ = {isa = PBXFileReference; lastKnownFileType = sourcecode.swift; path = RealmAPI.swift; sourceTree = "<group>"; };
		E9E81A7A2C5BD662005A82E6 /* RealmDataModel.swift */ = {isa = PBXFileReference; lastKnownFileType = sourcecode.swift; path = RealmDataModel.swift; sourceTree = "<group>"; };
/* End PBXFileReference section */

/* Begin PBXFrameworksBuildPhase section */
		E90C3E832C5A6DCA002DACB9 /* Frameworks */ = {
			isa = PBXFrameworksBuildPhase;
			buildActionMask = 2147483647;
			files = (
				E9E81A772C5BD538005A82E6 /* Realm in Frameworks */,
				E90C3EA42C5A6E26002DACB9 /* RxRelay in Frameworks */,
				E9E81A792C5BD538005A82E6 /* RealmSwift in Frameworks */,
				E90C3EA22C5A6E26002DACB9 /* RxCocoa in Frameworks */,
				E90C3EA62C5A6E26002DACB9 /* RxSwift in Frameworks */,
				E90C3E9F2C5A6DF0002DACB9 /* SnapKit in Frameworks */,
				E90C3EB02C5A6F26002DACB9 /* FSCalendar in Frameworks */,
			);
			runOnlyForDeploymentPostprocessing = 0;
		};
/* End PBXFrameworksBuildPhase section */

/* Begin PBXGroup section */
		E90C3E7D2C5A6DCA002DACB9 = {
			isa = PBXGroup;
			children = (
				E90C3E882C5A6DCA002DACB9 /* FocusTimer */,
				E90C3E872C5A6DCA002DACB9 /* Products */,
			);
			sourceTree = "<group>";
		};
		E90C3E872C5A6DCA002DACB9 /* Products */ = {
			isa = PBXGroup;
			children = (
				E90C3E862C5A6DCA002DACB9 /* FocusTimer.app */,
			);
			name = Products;
			sourceTree = "<group>";
		};
		E90C3E882C5A6DCA002DACB9 /* FocusTimer */ = {
			isa = PBXGroup;
			children = (
				E90C3EB12C5A6F3C002DACB9 /* Application */,
				E90C3EB52C5A6F5F002DACB9 /* Supporting */,
				E90C3EB42C5A6F58002DACB9 /* Screens */,
				E90C3EB32C5A6F52002DACB9 /* Domain */,
				E90C3EB22C5A6F49002DACB9 /* Platform */,
			);
			path = FocusTimer;
			sourceTree = "<group>";
		};
		E90C3EB12C5A6F3C002DACB9 /* Application */ = {
			isa = PBXGroup;
			children = (
				E90C3E892C5A6DCA002DACB9 /* AppDelegate.swift */,
				E90C3E8B2C5A6DCA002DACB9 /* SceneDelegate.swift */,
			);
			path = Application;
			sourceTree = "<group>";
		};
		E90C3EB22C5A6F49002DACB9 /* Platform */ = {
			isa = PBXGroup;
			children = (
				E90C3EBA2C5A7008002DACB9 /* Utilities */,
			);
			path = Platform;
			sourceTree = "<group>";
		};
		E90C3EB32C5A6F52002DACB9 /* Domain */ = {
			isa = PBXGroup;
			children = (
				E90C3EB82C5A6FF1002DACB9 /* Model */,
				E90C3EB92C5A6FF6002DACB9 /* Repository */,
			);
			path = Domain;
			sourceTree = "<group>";
		};
		E90C3EB42C5A6F58002DACB9 /* Screens */ = {
			isa = PBXGroup;
			children = (
				E90C3EBF2C5A717B002DACB9 /* Tabbar */,
				E90C3EBE2C5A7031002DACB9 /* Common */,
				E90C3EBD2C5A7027002DACB9 /* Calendar */,
				E90C3EBC2C5A7022002DACB9 /* Setting */,
				E90C3EBB2C5A701B002DACB9 /* Main */,
			);
			path = Screens;
			sourceTree = "<group>";
		};
		E90C3EB52C5A6F5F002DACB9 /* Supporting */ = {
			isa = PBXGroup;
			children = (
				E90C3EB72C5A6FE6002DACB9 /* Image */,
				E90C3E8F2C5A6DCA002DACB9 /* Main.storyboard */,
				E90C3E942C5A6DCC002DACB9 /* LaunchScreen.storyboard */,
				E90C3E972C5A6DCC002DACB9 /* Info.plist */,
				E9369D492C5EB77500D05501 /* Assets.xcassets */,
			);
			path = Supporting;
			sourceTree = "<group>";
		};
		E90C3EB72C5A6FE6002DACB9 /* Image */ = {
			isa = PBXGroup;
			children = (
			);
			path = Image;
			sourceTree = "<group>";
		};
		E90C3EB82C5A6FF1002DACB9 /* Model */ = {
			isa = PBXGroup;
			children = (
				E90C3ECC2C5A73D6002DACB9 /* DataModel.swift */,
				E9E81A7A2C5BD662005A82E6 /* RealmDataModel.swift */,
			);
			path = Model;
			sourceTree = "<group>";
		};
		E90C3EB92C5A6FF6002DACB9 /* Repository */ = {
			isa = PBXGroup;
			children = (
				E90C3ECE2C5A74CC002DACB9 /* LoadData.swift */,
				E9E44F4E2C5BCDE4005C4AFC /* RealmAPI.swift */,
			);
			path = Repository;
			sourceTree = "<group>";
		};
		E90C3EBA2C5A7008002DACB9 /* Utilities */ = {
			isa = PBXGroup;
			children = (
				E9369D242C5EA00700D05501 /* Localized */,
				E90C3EC22C5A71BB002DACB9 /* Extension.swift */,
				E90C3EC82C5A72D9002DACB9 /* DesignSystem.swift */,
				E90C3EE12C5A8C66002DACB9 /* TimeConvertion.swift */,
				E9369D222C5E633C00D05501 /* SoundModule.swift */,
			);
			path = Utilities;
			sourceTree = "<group>";
		};
		E90C3EBB2C5A701B002DACB9 /* Main */ = {
			isa = PBXGroup;
			children = (
				E90C3E8D2C5A6DCA002DACB9 /* MainViewController.swift */,
			);
			path = Main;
			sourceTree = "<group>";
		};
		E90C3EBC2C5A7022002DACB9 /* Setting */ = {
			isa = PBXGroup;
			children = (
				E90C3ECA2C5A7304002DACB9 /* SettingViewController.swift */,
			);
			path = Setting;
			sourceTree = "<group>";
		};
		E90C3EBD2C5A7027002DACB9 /* Calendar */ = {
			isa = PBXGroup;
			children = (
				E90C3EC42C5A729F002DACB9 /* CalendarViewController.swift */,
				E90C3EC62C5A72B5002DACB9 /* CalendarCollectionViewCell.swift */,
			);
			path = Calendar;
			sourceTree = "<group>";
		};
		E90C3EBE2C5A7031002DACB9 /* Common */ = {
			isa = PBXGroup;
			children = (
				E90C3EA72C5A6EBE002DACB9 /* CircularSlider.swift */,
			);
			path = Common;
			sourceTree = "<group>";
		};
		E90C3EBF2C5A717B002DACB9 /* Tabbar */ = {
			isa = PBXGroup;
			children = (
				E90C3EC02C5A718E002DACB9 /* TabbarViewController.swift */,
			);
			path = Tabbar;
			sourceTree = "<group>";
		};
		E9369D242C5EA00700D05501 /* Localized */ = {
			isa = PBXGroup;
			children = (
				E9369D422C5EB51E00D05501 /* Localizable.strings */,
				E9369D2B2C5EA09200D05501 /* InfoPlist.strings */,
			);
			path = Localized;
			sourceTree = "<group>";
		};
/* End PBXGroup section */

/* Begin PBXNativeTarget section */
		E90C3E852C5A6DCA002DACB9 /* FocusTimer */ = {
			isa = PBXNativeTarget;
			buildConfigurationList = E90C3E9A2C5A6DCC002DACB9 /* Build configuration list for PBXNativeTarget "FocusTimer" */;
			buildPhases = (
				E90C3E822C5A6DCA002DACB9 /* Sources */,
				E90C3E832C5A6DCA002DACB9 /* Frameworks */,
				E90C3E842C5A6DCA002DACB9 /* Resources */,
			);
			buildRules = (
			);
			dependencies = (
			);
			name = FocusTimer;
			packageProductDependencies = (
				E90C3E9E2C5A6DF0002DACB9 /* SnapKit */,
				E90C3EA12C5A6E26002DACB9 /* RxCocoa */,
				E90C3EA32C5A6E26002DACB9 /* RxRelay */,
				E90C3EA52C5A6E26002DACB9 /* RxSwift */,
				E90C3EAF2C5A6F26002DACB9 /* FSCalendar */,
				E9E81A762C5BD538005A82E6 /* Realm */,
				E9E81A782C5BD538005A82E6 /* RealmSwift */,
			);
			productName = FocusTimer;
			productReference = E90C3E862C5A6DCA002DACB9 /* FocusTimer.app */;
			productType = "com.apple.product-type.application";
		};
/* End PBXNativeTarget section */

/* Begin PBXProject section */
		E90C3E7E2C5A6DCA002DACB9 /* Project object */ = {
			isa = PBXProject;
			attributes = {
				BuildIndependentTargetsInParallel = 1;
				LastSwiftUpdateCheck = 1520;
				LastUpgradeCheck = 1520;
				TargetAttributes = {
					E90C3E852C5A6DCA002DACB9 = {
						CreatedOnToolsVersion = 15.2;
					};
				};
			};
			buildConfigurationList = E90C3E812C5A6DCA002DACB9 /* Build configuration list for PBXProject "FocusTimer" */;
			compatibilityVersion = "Xcode 14.0";
			developmentRegion = en;
			hasScannedForEncodings = 0;
			knownRegions = (
				en,
				Base,
				ko,
				ja,
				"zh-Hans",
				"zh-Hant",
				ru,
				vi,
			);
			mainGroup = E90C3E7D2C5A6DCA002DACB9;
			packageReferences = (
				E90C3E9D2C5A6DF0002DACB9 /* XCRemoteSwiftPackageReference "SnapKit" */,
				E90C3EA02C5A6E26002DACB9 /* XCRemoteSwiftPackageReference "RxSwift" */,
				E90C3EAE2C5A6F26002DACB9 /* XCRemoteSwiftPackageReference "FSCalendar" */,
				E9E81A752C5BD538005A82E6 /* XCRemoteSwiftPackageReference "realm-swift" */,
			);
			productRefGroup = E90C3E872C5A6DCA002DACB9 /* Products */;
			projectDirPath = "";
			projectRoot = "";
			targets = (
				E90C3E852C5A6DCA002DACB9 /* FocusTimer */,
			);
		};
/* End PBXProject section */

/* Begin PBXResourcesBuildPhase section */
		E90C3E842C5A6DCA002DACB9 /* Resources */ = {
			isa = PBXResourcesBuildPhase;
			buildActionMask = 2147483647;
			files = (
				E9369D402C5EB51E00D05501 /* Localizable.strings in Resources */,
				E90C3E962C5A6DCC002DACB9 /* LaunchScreen.storyboard in Resources */,
				E90C3E912C5A6DCA002DACB9 /* Main.storyboard in Resources */,
				E9369D292C5EA09200D05501 /* InfoPlist.strings in Resources */,
				E9369D4A2C5EB77500D05501 /* Assets.xcassets in Resources */,
			);
			runOnlyForDeploymentPostprocessing = 0;
		};
/* End PBXResourcesBuildPhase section */

/* Begin PBXSourcesBuildPhase section */
		E90C3E822C5A6DCA002DACB9 /* Sources */ = {
			isa = PBXSourcesBuildPhase;
			buildActionMask = 2147483647;
			files = (
				E9E44F4F2C5BCDE4005C4AFC /* RealmAPI.swift in Sources */,
				E90C3EC72C5A72B5002DACB9 /* CalendarCollectionViewCell.swift in Sources */,
				E90C3E8E2C5A6DCA002DACB9 /* MainViewController.swift in Sources */,
				E90C3EE22C5A8C66002DACB9 /* TimeConvertion.swift in Sources */,
				E90C3ECD2C5A73D6002DACB9 /* DataModel.swift in Sources */,
				E90C3E8A2C5A6DCA002DACB9 /* AppDelegate.swift in Sources */,
				E90C3EC92C5A72D9002DACB9 /* DesignSystem.swift in Sources */,
				E90C3E8C2C5A6DCA002DACB9 /* SceneDelegate.swift in Sources */,
				E90C3ECB2C5A7304002DACB9 /* SettingViewController.swift in Sources */,
				E90C3EC32C5A71BB002DACB9 /* Extension.swift in Sources */,
				E90C3EC12C5A718E002DACB9 /* TabbarViewController.swift in Sources */,
				E9369D232C5E633C00D05501 /* SoundModule.swift in Sources */,
				E90C3EC52C5A729F002DACB9 /* CalendarViewController.swift in Sources */,
				E90C3EA82C5A6EBF002DACB9 /* CircularSlider.swift in Sources */,
				E9E81A7B2C5BD662005A82E6 /* RealmDataModel.swift in Sources */,
				E90C3ECF2C5A74CC002DACB9 /* LoadData.swift in Sources */,
			);
			runOnlyForDeploymentPostprocessing = 0;
		};
/* End PBXSourcesBuildPhase section */

/* Begin PBXVariantGroup section */
		E90C3E8F2C5A6DCA002DACB9 /* Main.storyboard */ = {
			isa = PBXVariantGroup;
			children = (
				E90C3E902C5A6DCA002DACB9 /* Base */,
				E9369D2C2C5EA57100D05501 /* ko */,
				E9369D2F2C5EA57A00D05501 /* ja */,
				E9369D322C5EA5BB00D05501 /* zh-Hans */,
				E9369D352C5EA5BF00D05501 /* zh-Hant */,
				E9369D382C5EA5F300D05501 /* ru */,
				E9369D3B2C5EA5FD00D05501 /* vi */,
			);
			name = Main.storyboard;
			sourceTree = "<group>";
		};
		E90C3E942C5A6DCC002DACB9 /* LaunchScreen.storyboard */ = {
			isa = PBXVariantGroup;
			children = (
				E90C3E952C5A6DCC002DACB9 /* Base */,
				E9369D2D2C5EA57100D05501 /* ko */,
				E9369D302C5EA57A00D05501 /* ja */,
				E9369D332C5EA5BB00D05501 /* zh-Hans */,
				E9369D362C5EA5BF00D05501 /* zh-Hant */,
				E9369D392C5EA5F300D05501 /* ru */,
				E9369D3C2C5EA5FD00D05501 /* vi */,
			);
			name = LaunchScreen.storyboard;
			sourceTree = "<group>";
		};
		E9369D2B2C5EA09200D05501 /* InfoPlist.strings */ = {
			isa = PBXVariantGroup;
			children = (
				E9369D2A2C5EA09200D05501 /* en */,
				E9369D2E2C5EA57100D05501 /* ko */,
				E9369D312C5EA57A00D05501 /* ja */,
				E9369D342C5EA5BB00D05501 /* zh-Hans */,
				E9369D372C5EA5BF00D05501 /* zh-Hant */,
				E9369D3A2C5EA5F400D05501 /* ru */,
				E9369D3D2C5EA5FD00D05501 /* vi */,
			);
			name = InfoPlist.strings;
			sourceTree = "<group>";
		};
		E9369D422C5EB51E00D05501 /* Localizable.strings */ = {
			isa = PBXVariantGroup;
			children = (
				E9369D412C5EB51E00D05501 /* en */,
				E9369D432C5EB52000D05501 /* zh-Hans */,
				E9369D442C5EB52300D05501 /* zh-Hant */,
				E9369D452C5EB52400D05501 /* ja */,
				E9369D462C5EB52400D05501 /* vi */,
				E9369D472C5EB52500D05501 /* ru */,
				E9369D482C5EB52500D05501 /* ko */,
			);
			name = Localizable.strings;
			sourceTree = "<group>";
		};
/* End PBXVariantGroup section */

/* Begin XCBuildConfiguration section */
		E90C3E982C5A6DCC002DACB9 /* Debug */ = {
			isa = XCBuildConfiguration;
			buildSettings = {
				ALWAYS_SEARCH_USER_PATHS = NO;
				ASSETCATALOG_COMPILER_GENERATE_SWIFT_ASSET_SYMBOL_EXTENSIONS = YES;
				CLANG_ANALYZER_LOCALIZABILITY_NONLOCALIZED = YES;
				CLANG_ANALYZER_NONNULL = YES;
				CLANG_ANALYZER_NUMBER_OBJECT_CONVERSION = YES_AGGRESSIVE;
				CLANG_CXX_LANGUAGE_STANDARD = "gnu++20";
				CLANG_ENABLE_MODULES = YES;
				CLANG_ENABLE_OBJC_ARC = YES;
				CLANG_ENABLE_OBJC_WEAK = YES;
				CLANG_WARN_BLOCK_CAPTURE_AUTORELEASING = YES;
				CLANG_WARN_BOOL_CONVERSION = YES;
				CLANG_WARN_COMMA = YES;
				CLANG_WARN_CONSTANT_CONVERSION = YES;
				CLANG_WARN_DEPRECATED_OBJC_IMPLEMENTATIONS = YES;
				CLANG_WARN_DIRECT_OBJC_ISA_USAGE = YES_ERROR;
				CLANG_WARN_DOCUMENTATION_COMMENTS = YES;
				CLANG_WARN_EMPTY_BODY = YES;
				CLANG_WARN_ENUM_CONVERSION = YES;
				CLANG_WARN_INFINITE_RECURSION = YES;
				CLANG_WARN_INT_CONVERSION = YES;
				CLANG_WARN_NON_LITERAL_NULL_CONVERSION = YES;
				CLANG_WARN_OBJC_IMPLICIT_RETAIN_SELF = YES;
				CLANG_WARN_OBJC_LITERAL_CONVERSION = YES;
				CLANG_WARN_OBJC_ROOT_CLASS = YES_ERROR;
				CLANG_WARN_QUOTED_INCLUDE_IN_FRAMEWORK_HEADER = YES;
				CLANG_WARN_RANGE_LOOP_ANALYSIS = YES;
				CLANG_WARN_STRICT_PROTOTYPES = YES;
				CLANG_WARN_SUSPICIOUS_MOVE = YES;
				CLANG_WARN_UNGUARDED_AVAILABILITY = YES_AGGRESSIVE;
				CLANG_WARN_UNREACHABLE_CODE = YES;
				CLANG_WARN__DUPLICATE_METHOD_MATCH = YES;
				COPY_PHASE_STRIP = NO;
				DEBUG_INFORMATION_FORMAT = dwarf;
				ENABLE_STRICT_OBJC_MSGSEND = YES;
				ENABLE_TESTABILITY = YES;
				ENABLE_USER_SCRIPT_SANDBOXING = YES;
				GCC_C_LANGUAGE_STANDARD = gnu17;
				GCC_DYNAMIC_NO_PIC = NO;
				GCC_NO_COMMON_BLOCKS = YES;
				GCC_OPTIMIZATION_LEVEL = 0;
				GCC_PREPROCESSOR_DEFINITIONS = (
					"DEBUG=1",
					"$(inherited)",
				);
				GCC_WARN_64_TO_32_BIT_CONVERSION = YES;
				GCC_WARN_ABOUT_RETURN_TYPE = YES_ERROR;
				GCC_WARN_UNDECLARED_SELECTOR = YES;
				GCC_WARN_UNINITIALIZED_AUTOS = YES_AGGRESSIVE;
				GCC_WARN_UNUSED_FUNCTION = YES;
				GCC_WARN_UNUSED_VARIABLE = YES;
				IPHONEOS_DEPLOYMENT_TARGET = 15.0;
				LOCALIZATION_PREFERS_STRING_CATALOGS = YES;
				MTL_ENABLE_DEBUG_INFO = INCLUDE_SOURCE;
				MTL_FAST_MATH = YES;
				ONLY_ACTIVE_ARCH = YES;
				SDKROOT = iphoneos;
				SWIFT_ACTIVE_COMPILATION_CONDITIONS = "DEBUG $(inherited)";
				SWIFT_OPTIMIZATION_LEVEL = "-Onone";
			};
			name = Debug;
		};
		E90C3E992C5A6DCC002DACB9 /* Release */ = {
			isa = XCBuildConfiguration;
			buildSettings = {
				ALWAYS_SEARCH_USER_PATHS = NO;
				ASSETCATALOG_COMPILER_GENERATE_SWIFT_ASSET_SYMBOL_EXTENSIONS = YES;
				CLANG_ANALYZER_LOCALIZABILITY_NONLOCALIZED = YES;
				CLANG_ANALYZER_NONNULL = YES;
				CLANG_ANALYZER_NUMBER_OBJECT_CONVERSION = YES_AGGRESSIVE;
				CLANG_CXX_LANGUAGE_STANDARD = "gnu++20";
				CLANG_ENABLE_MODULES = YES;
				CLANG_ENABLE_OBJC_ARC = YES;
				CLANG_ENABLE_OBJC_WEAK = YES;
				CLANG_WARN_BLOCK_CAPTURE_AUTORELEASING = YES;
				CLANG_WARN_BOOL_CONVERSION = YES;
				CLANG_WARN_COMMA = YES;
				CLANG_WARN_CONSTANT_CONVERSION = YES;
				CLANG_WARN_DEPRECATED_OBJC_IMPLEMENTATIONS = YES;
				CLANG_WARN_DIRECT_OBJC_ISA_USAGE = YES_ERROR;
				CLANG_WARN_DOCUMENTATION_COMMENTS = YES;
				CLANG_WARN_EMPTY_BODY = YES;
				CLANG_WARN_ENUM_CONVERSION = YES;
				CLANG_WARN_INFINITE_RECURSION = YES;
				CLANG_WARN_INT_CONVERSION = YES;
				CLANG_WARN_NON_LITERAL_NULL_CONVERSION = YES;
				CLANG_WARN_OBJC_IMPLICIT_RETAIN_SELF = YES;
				CLANG_WARN_OBJC_LITERAL_CONVERSION = YES;
				CLANG_WARN_OBJC_ROOT_CLASS = YES_ERROR;
				CLANG_WARN_QUOTED_INCLUDE_IN_FRAMEWORK_HEADER = YES;
				CLANG_WARN_RANGE_LOOP_ANALYSIS = YES;
				CLANG_WARN_STRICT_PROTOTYPES = YES;
				CLANG_WARN_SUSPICIOUS_MOVE = YES;
				CLANG_WARN_UNGUARDED_AVAILABILITY = YES_AGGRESSIVE;
				CLANG_WARN_UNREACHABLE_CODE = YES;
				CLANG_WARN__DUPLICATE_METHOD_MATCH = YES;
				COPY_PHASE_STRIP = NO;
				DEBUG_INFORMATION_FORMAT = "dwarf-with-dsym";
				ENABLE_NS_ASSERTIONS = NO;
				ENABLE_STRICT_OBJC_MSGSEND = YES;
				ENABLE_USER_SCRIPT_SANDBOXING = YES;
				GCC_C_LANGUAGE_STANDARD = gnu17;
				GCC_NO_COMMON_BLOCKS = YES;
				GCC_WARN_64_TO_32_BIT_CONVERSION = YES;
				GCC_WARN_ABOUT_RETURN_TYPE = YES_ERROR;
				GCC_WARN_UNDECLARED_SELECTOR = YES;
				GCC_WARN_UNINITIALIZED_AUTOS = YES_AGGRESSIVE;
				GCC_WARN_UNUSED_FUNCTION = YES;
				GCC_WARN_UNUSED_VARIABLE = YES;
				IPHONEOS_DEPLOYMENT_TARGET = 15.0;
				LOCALIZATION_PREFERS_STRING_CATALOGS = YES;
				MTL_ENABLE_DEBUG_INFO = NO;
				MTL_FAST_MATH = YES;
				SDKROOT = iphoneos;
				SWIFT_COMPILATION_MODE = wholemodule;
				VALIDATE_PRODUCT = YES;
			};
			name = Release;
		};
		E90C3E9B2C5A6DCC002DACB9 /* Debug */ = {
			isa = XCBuildConfiguration;
			buildSettings = {
				ASSETCATALOG_COMPILER_APPICON_NAME = AppIcon;
				ASSETCATALOG_COMPILER_GLOBAL_ACCENT_COLOR_NAME = AccentColor;
				CODE_SIGN_STYLE = Automatic;
				CURRENT_PROJECT_VERSION = 2024080501;
				DEVELOPMENT_TEAM = 8Y6GZNH939;
				GENERATE_INFOPLIST_FILE = YES;
				INFOPLIST_FILE = FocusTimer/Supporting/Info.plist;
				INFOPLIST_KEY_LSApplicationCategoryType = "public.app-category.productivity";
				INFOPLIST_KEY_UIApplicationSupportsIndirectInputEvents = YES;
				INFOPLIST_KEY_UILaunchStoryboardName = LaunchScreen;
				INFOPLIST_KEY_UIMainStoryboardFile = Main;
				INFOPLIST_KEY_UISupportedInterfaceOrientations = UIInterfaceOrientationPortrait;
				INFOPLIST_KEY_UISupportedInterfaceOrientations_iPad = "UIInterfaceOrientationPortrait UIInterfaceOrientationPortraitUpsideDown";
				INFOPLIST_KEY_UIUserInterfaceStyle = Light;
				IPHONEOS_DEPLOYMENT_TARGET = 15.0;
				LD_RUNPATH_SEARCH_PATHS = (
					"$(inherited)",
					"@executable_path/Frameworks",
				);
				MARKETING_VERSION = 1.0.0;
				PRODUCT_BUNDLE_IDENTIFIER = com.ggasoon2.FocusTimer;
				PRODUCT_NAME = "$(TARGET_NAME)";
				SUPPORTED_PLATFORMS = "iphoneos iphonesimulator";
				SUPPORTS_MACCATALYST = NO;
				SUPPORTS_MAC_DESIGNED_FOR_IPHONE_IPAD = NO;
				SUPPORTS_XR_DESIGNED_FOR_IPHONE_IPAD = NO;
				SWIFT_EMIT_LOC_STRINGS = YES;
				SWIFT_VERSION = 5.0;
				TARGETED_DEVICE_FAMILY = 1;
			};
			name = Debug;
		};
		E90C3E9C2C5A6DCC002DACB9 /* Release */ = {
			isa = XCBuildConfiguration;
			buildSettings = {
				ASSETCATALOG_COMPILER_APPICON_NAME = AppIcon;
				ASSETCATALOG_COMPILER_GLOBAL_ACCENT_COLOR_NAME = AccentColor;
				CODE_SIGN_STYLE = Automatic;
				CURRENT_PROJECT_VERSION = 2024080501;
				DEVELOPMENT_TEAM = 8Y6GZNH939;
				GENERATE_INFOPLIST_FILE = YES;
				INFOPLIST_FILE = FocusTimer/Supporting/Info.plist;
				INFOPLIST_KEY_LSApplicationCategoryType = "public.app-category.productivity";
				INFOPLIST_KEY_UIApplicationSupportsIndirectInputEvents = YES;
				INFOPLIST_KEY_UILaunchStoryboardName = LaunchScreen;
				INFOPLIST_KEY_UIMainStoryboardFile = Main;
				INFOPLIST_KEY_UISupportedInterfaceOrientations = UIInterfaceOrientationPortrait;
				INFOPLIST_KEY_UISupportedInterfaceOrientations_iPad = "UIInterfaceOrientationPortrait UIInterfaceOrientationPortraitUpsideDown";
				INFOPLIST_KEY_UIUserInterfaceStyle = Light;
				IPHONEOS_DEPLOYMENT_TARGET = 15.0;
				LD_RUNPATH_SEARCH_PATHS = (
					"$(inherited)",
					"@executable_path/Frameworks",
				);
				MARKETING_VERSION = 1.0.0;
				PRODUCT_BUNDLE_IDENTIFIER = com.ggasoon2.FocusTimer;
				PRODUCT_NAME = "$(TARGET_NAME)";
				SUPPORTED_PLATFORMS = "iphoneos iphonesimulator";
				SUPPORTS_MACCATALYST = NO;
				SUPPORTS_MAC_DESIGNED_FOR_IPHONE_IPAD = NO;
				SUPPORTS_XR_DESIGNED_FOR_IPHONE_IPAD = NO;
				SWIFT_EMIT_LOC_STRINGS = YES;
				SWIFT_VERSION = 5.0;
				TARGETED_DEVICE_FAMILY = 1;
			};
			name = Release;
		};
/* End XCBuildConfiguration section */

/* Begin XCConfigurationList section */
		E90C3E812C5A6DCA002DACB9 /* Build configuration list for PBXProject "FocusTimer" */ = {
			isa = XCConfigurationList;
			buildConfigurations = (
				E90C3E982C5A6DCC002DACB9 /* Debug */,
				E90C3E992C5A6DCC002DACB9 /* Release */,
			);
			defaultConfigurationIsVisible = 0;
			defaultConfigurationName = Release;
		};
		E90C3E9A2C5A6DCC002DACB9 /* Build configuration list for PBXNativeTarget "FocusTimer" */ = {
			isa = XCConfigurationList;
			buildConfigurations = (
				E90C3E9B2C5A6DCC002DACB9 /* Debug */,
				E90C3E9C2C5A6DCC002DACB9 /* Release */,
			);
			defaultConfigurationIsVisible = 0;
			defaultConfigurationName = Release;
		};
/* End XCConfigurationList section */

/* Begin XCRemoteSwiftPackageReference section */
		E90C3E9D2C5A6DF0002DACB9 /* XCRemoteSwiftPackageReference "SnapKit" */ = {
			isa = XCRemoteSwiftPackageReference;
			repositoryURL = "https://github.com/SnapKit/SnapKit";
			requirement = {
				kind = upToNextMajorVersion;
				minimumVersion = 5.7.1;
			};
		};
		E90C3EA02C5A6E26002DACB9 /* XCRemoteSwiftPackageReference "RxSwift" */ = {
			isa = XCRemoteSwiftPackageReference;
			repositoryURL = "https://github.com/ReactiveX/RxSwift";
			requirement = {
				kind = upToNextMajorVersion;
				minimumVersion = 6.7.1;
			};
		};
		E90C3EAE2C5A6F26002DACB9 /* XCRemoteSwiftPackageReference "FSCalendar" */ = {
			isa = XCRemoteSwiftPackageReference;
			repositoryURL = "https://github.com/WenchaoD/FSCalendar.git";
			requirement = {
				kind = upToNextMajorVersion;
				minimumVersion = 2.8.4;
			};
		};
		E9E81A752C5BD538005A82E6 /* XCRemoteSwiftPackageReference "realm-swift" */ = {
			isa = XCRemoteSwiftPackageReference;
			repositoryURL = "https://github.com/realm/realm-swift";
			requirement = {
				kind = exactVersion;
				version = 10.33.0;
			};
		};
/* End XCRemoteSwiftPackageReference section */

/* Begin XCSwiftPackageProductDependency section */
		E90C3E9E2C5A6DF0002DACB9 /* SnapKit */ = {
			isa = XCSwiftPackageProductDependency;
			package = E90C3E9D2C5A6DF0002DACB9 /* XCRemoteSwiftPackageReference "SnapKit" */;
			productName = SnapKit;
		};
		E90C3EA12C5A6E26002DACB9 /* RxCocoa */ = {
			isa = XCSwiftPackageProductDependency;
			package = E90C3EA02C5A6E26002DACB9 /* XCRemoteSwiftPackageReference "RxSwift" */;
			productName = RxCocoa;
		};
		E90C3EA32C5A6E26002DACB9 /* RxRelay */ = {
			isa = XCSwiftPackageProductDependency;
			package = E90C3EA02C5A6E26002DACB9 /* XCRemoteSwiftPackageReference "RxSwift" */;
			productName = RxRelay;
		};
		E90C3EA52C5A6E26002DACB9 /* RxSwift */ = {
			isa = XCSwiftPackageProductDependency;
			package = E90C3EA02C5A6E26002DACB9 /* XCRemoteSwiftPackageReference "RxSwift" */;
			productName = RxSwift;
		};
		E90C3EAF2C5A6F26002DACB9 /* FSCalendar */ = {
			isa = XCSwiftPackageProductDependency;
			package = E90C3EAE2C5A6F26002DACB9 /* XCRemoteSwiftPackageReference "FSCalendar" */;
			productName = FSCalendar;
		};
		E9E81A762C5BD538005A82E6 /* Realm */ = {
			isa = XCSwiftPackageProductDependency;
			package = E9E81A752C5BD538005A82E6 /* XCRemoteSwiftPackageReference "realm-swift" */;
			productName = Realm;
		};
		E9E81A782C5BD538005A82E6 /* RealmSwift */ = {
			isa = XCSwiftPackageProductDependency;
			package = E9E81A752C5BD538005A82E6 /* XCRemoteSwiftPackageReference "realm-swift" */;
			productName = RealmSwift;
		};
/* End XCSwiftPackageProductDependency section */
	};
	rootObject = E90C3E7E2C5A6DCA002DACB9 /* Project object */;
}
